
Microsoft Visual Studio Solution File, Format Version 12.00
# Visual Studio 15
VisualStudioVersion = 15.0.27130.2036
MinimumVisualStudioVersion = 10.0.40219.1
Project("{9A19103F-16F7-4668-BE54-9A1E7A4F7556}") = "MICE.Common", "MICE.Common\MICE.Common.csproj", "{6F9D83F1-ABC5-4FEE-A358-28F3BD5309A4}"
EndProject
Project("{9A19103F-16F7-4668-BE54-9A1E7A4F7556}") = "MICE.Nintendo", "MICE.NES\MICE.Nintendo.csproj", "{30E26A15-7C9F-4602-811E-96D6E27F189C}"
EndProject
Project("{FAE04EC0-301F-11D3-BF4B-00C04F79EFBC}") = "MICE.TestApp", "MICE.TestApp\MICE.TestApp.csproj", "{1319AD9A-4AB0-4E69-8951-2C9F17C701F5}"
EndProject
Project("{9A19103F-16F7-4668-BE54-9A1E7A4F7556}") = "MICE.Components", "MICE.Components\MICE.Components.csproj", "{949FFBF4-4E43-439A-A218-CABAF48E32C9}"
EndProject
Project("{9A19103F-16F7-4668-BE54-9A1E7A4F7556}") = "MICE.CPU.MOS6502", "MICE.CPU.MOS6502\MICE.CPU.MOS6502.csproj", "{099A3D39-9B43-412B-8B04-BCACA2C281F1}"
EndProject
Project("{9A19103F-16F7-4668-BE54-9A1E7A4F7556}") = "MICE.PPU.RicohRP2C02", "MICE.PPU.RicohRP2C02\MICE.PPU.RicohRP2C02.csproj", "{1C6429E4-5DF1-4789-948C-8F076E3ABA4E}"
EndProject
Global
	GlobalSection(Performance) = preSolution
		HasPerformanceSessions = true
	EndGlobalSection
	GlobalSection(SolutionConfigurationPlatforms) = preSolution
		Debug|Any CPU = Debug|Any CPU
		Release|Any CPU = Release|Any CPU
	EndGlobalSection
	GlobalSection(ProjectConfigurationPlatforms) = postSolution
		{6F9D83F1-ABC5-4FEE-A358-28F3BD5309A4}.Debug|Any CPU.ActiveCfg = Debug|Any CPU
		{6F9D83F1-ABC5-4FEE-A358-28F3BD5309A4}.Debug|Any CPU.Build.0 = Debug|Any CPU
		{6F9D83F1-ABC5-4FEE-A358-28F3BD5309A4}.Release|Any CPU.ActiveCfg = Release|Any CPU
		{6F9D83F1-ABC5-4FEE-A358-28F3BD5309A4}.Release|Any CPU.Build.0 = Release|Any CPU
		{30E26A15-7C9F-4602-811E-96D6E27F189C}.Debug|Any CPU.ActiveCfg = Debug|Any CPU
		{30E26A15-7C9F-4602-811E-96D6E27F189C}.Debug|Any CPU.Build.0 = Debug|Any CPU
		{30E26A15-7C9F-4602-811E-96D6E27F189C}.Release|Any CPU.ActiveCfg = Release|Any CPU
		{30E26A15-7C9F-4602-811E-96D6E27F189C}.Release|Any CPU.Build.0 = Release|Any CPU
		{1319AD9A-4AB0-4E69-8951-2C9F17C701F5}.Debug|Any CPU.ActiveCfg = Debug|Any CPU
		{1319AD9A-4AB0-4E69-8951-2C9F17C701F5}.Debug|Any CPU.Build.0 = Debug|Any CPU
		{1319AD9A-4AB0-4E69-8951-2C9F17C701F5}.Release|Any CPU.ActiveCfg = Release|Any CPU
		{1319AD9A-4AB0-4E69-8951-2C9F17C701F5}.Release|Any CPU.Build.0 = Release|Any CPU
		{949FFBF4-4E43-439A-A218-CABAF48E32C9}.Debug|Any CPU.ActiveCfg = Debug|Any CPU
		{949FFBF4-4E43-439A-A218-CABAF48E32C9}.Debug|Any CPU.Build.0 = Debug|Any CPU
		{949FFBF4-4E43-439A-A218-CABAF48E32C9}.Release|Any CPU.ActiveCfg = Release|Any CPU
		{949FFBF4-4E43-439A-A218-CABAF48E32C9}.Release|Any CPU.Build.0 = Release|Any CPU
		{099A3D39-9B43-412B-8B04-BCACA2C281F1}.Debug|Any CPU.ActiveCfg = Debug|Any CPU
		{099A3D39-9B43-412B-8B04-BCACA2C281F1}.Debug|Any CPU.Build.0 = Debug|Any CPU
		{099A3D39-9B43-412B-8B04-BCACA2C281F1}.Release|Any CPU.ActiveCfg = Release|Any CPU
		{099A3D39-9B43-412B-8B04-BCACA2C281F1}.Release|Any CPU.Build.0 = Release|Any CPU
		{1C6429E4-5DF1-4789-948C-8F076E3ABA4E}.Debug|Any CPU.ActiveCfg = Debug|Any CPU
		{1C6429E4-5DF1-4789-948C-8F076E3ABA4E}.Debug|Any CPU.Build.0 = Debug|Any CPU
		{1C6429E4-5DF1-4789-948C-8F076E3ABA4E}.Release|Any CPU.ActiveCfg = Release|Any CPU
		{1C6429E4-5DF1-4789-948C-8F076E3ABA4E}.Release|Any CPU.Build.0 = Release|Any CPU
	EndGlobalSection
	GlobalSection(SolutionProperties) = preSolution
		HideSolutionNode = FALSE
	EndGlobalSection
	GlobalSection(ExtensibilityGlobals) = postSolution
		SolutionGuid = {4E411B99-DC47-4BC5-B7F1-FFE93268C599}
	EndGlobalSection
	GlobalSection(Performance) = preSolution
		HasPerformanceSessions = true
	EndGlobalSection
EndGlobal
